// !$*UTF8*$!
{
	archiveVersion = 1;
	classes = {
	};
	objectVersion = 50;
	objects = {

/* Begin PBXBuildFile section */
		605835E3255B61B30044211D /* AppDelegate.swift in Sources */ = {isa = PBXBuildFile; fileRef = 605835E2255B61B30044211D /* AppDelegate.swift */; };
		605835E5255B61B30044211D /* SceneDelegate.swift in Sources */ = {isa = PBXBuildFile; fileRef = 605835E4255B61B30044211D /* SceneDelegate.swift */; };
		605835E7255B61B30044211D /* ViewController.swift in Sources */ = {isa = PBXBuildFile; fileRef = 605835E6255B61B30044211D /* ViewController.swift */; };
		605835EA255B61B30044211D /* Main.storyboard in Resources */ = {isa = PBXBuildFile; fileRef = 605835E8255B61B30044211D /* Main.storyboard */; };
		605835EC255B61B50044211D /* Assets.xcassets in Resources */ = {isa = PBXBuildFile; fileRef = 605835EB255B61B50044211D /* Assets.xcassets */; };
		605835EF255B61B50044211D /* LaunchScreen.storyboard in Resources */ = {isa = PBXBuildFile; fileRef = 605835ED255B61B50044211D /* LaunchScreen.storyboard */; };
		B489AC946E03375BA398018E /* Pods_boldchat_test.framework in Frameworks */ = {isa = PBXBuildFile; fileRef = E43E8D752A64EB05C1B01A85 /* Pods_boldchat_test.framework */; };
/* End PBXBuildFile section */

/* Begin PBXFileReference section */
		605835DF255B61B30044211D /* boldchat_test.app */ = {isa = PBXFileReference; explicitFileType = wrapper.application; includeInIndex = 0; path = boldchat_test.app; sourceTree = BUILT_PRODUCTS_DIR; };
		605835E2255B61B30044211D /* AppDelegate.swift */ = {isa = PBXFileReference; lastKnownFileType = sourcecode.swift; path = AppDelegate.swift; sourceTree = "<group>"; };
		605835E4255B61B30044211D /* SceneDelegate.swift */ = {isa = PBXFileReference; lastKnownFileType = sourcecode.swift; path = SceneDelegate.swift; sourceTree = "<group>"; };
		605835E6255B61B30044211D /* ViewController.swift */ = {isa = PBXFileReference; lastKnownFileType = sourcecode.swift; path = ViewController.swift; sourceTree = "<group>"; };
		605835E9255B61B30044211D /* Base */ = {isa = PBXFileReference; lastKnownFileType = file.storyboard; name = Base; path = Base.lproj/Main.storyboard; sourceTree = "<group>"; };
		605835EB255B61B50044211D /* Assets.xcassets */ = {isa = PBXFileReference; lastKnownFileType = folder.assetcatalog; path = Assets.xcassets; sourceTree = "<group>"; };
		605835EE255B61B50044211D /* Base */ = {isa = PBXFileReference; lastKnownFileType = file.storyboard; name = Base; path = Base.lproj/LaunchScreen.storyboard; sourceTree = "<group>"; };
		605835F0255B61B50044211D /* Info.plist */ = {isa = PBXFileReference; lastKnownFileType = text.plist.xml; path = Info.plist; sourceTree = "<group>"; };
		8FA6BDD84121BE2265CC06C5 /* Pods-boldchat_test.release.xcconfig */ = {isa = PBXFileReference; includeInIndex = 1; lastKnownFileType = text.xcconfig; name = "Pods-boldchat_test.release.xcconfig"; path = "Target Support Files/Pods-boldchat_test/Pods-boldchat_test.release.xcconfig"; sourceTree = "<group>"; };
		A095A73A1E2C06E6AD367090 /* Pods-boldchat_test.debug.xcconfig */ = {isa = PBXFileReference; includeInIndex = 1; lastKnownFileType = text.xcconfig; name = "Pods-boldchat_test.debug.xcconfig"; path = "Target Support Files/Pods-boldchat_test/Pods-boldchat_test.debug.xcconfig"; sourceTree = "<group>"; };
		E43E8D752A64EB05C1B01A85 /* Pods_boldchat_test.framework */ = {isa = PBXFileReference; explicitFileType = wrapper.framework; includeInIndex = 0; path = Pods_boldchat_test.framework; sourceTree = BUILT_PRODUCTS_DIR; };
/* End PBXFileReference section */

/* Begin PBXFrameworksBuildPhase section */
		605835DC255B61B30044211D /* Frameworks */ = {
			isa = PBXFrameworksBuildPhase;
			buildActionMask = 2147483647;
			files = (
				B489AC946E03375BA398018E /* Pods_boldchat_test.framework in Frameworks */,
			);
			runOnlyForDeploymentPostprocessing = 0;
		};
/* End PBXFrameworksBuildPhase section */

/* Begin PBXGroup section */
		605835D6255B61B30044211D = {
			isa = PBXGroup;
			children = (
				605835E1255B61B30044211D /* boldchat_test */,
				605835E0255B61B30044211D /* Products */,
				BC6C616217180425D558F4FC /* Pods */,
				E9FDAA26E6BFB59C95B7246B /* Frameworks */,
			);
			sourceTree = "<group>";
		};
		605835E0255B61B30044211D /* Products */ = {
			isa = PBXGroup;
			children = (
				605835DF255B61B30044211D /* boldchat_test.app */,
			);
			name = Products;
			sourceTree = "<group>";
		};
		605835E1255B61B30044211D /* boldchat_test */ = {
			isa = PBXGroup;
			children = (
				605835E2255B61B30044211D /* AppDelegate.swift */,
				605835E4255B61B30044211D /* SceneDelegate.swift */,
				605835E6255B61B30044211D /* ViewController.swift */,
				605835E8255B61B30044211D /* Main.storyboard */,
				605835EB255B61B50044211D /* Assets.xcassets */,
				605835ED255B61B50044211D /* LaunchScreen.storyboard */,
				605835F0255B61B50044211D /* Info.plist */,
			);
			path = boldchat_test;
			sourceTree = "<group>";
		};
		BC6C616217180425D558F4FC /* Pods */ = {
			isa = PBXGroup;
			children = (
				A095A73A1E2C06E6AD367090 /* Pods-boldchat_test.debug.xcconfig */,
				8FA6BDD84121BE2265CC06C5 /* Pods-boldchat_test.release.xcconfig */,
			);
			name = Pods;
			path = Pods;
			sourceTree = "<group>";
		};
		E9FDAA26E6BFB59C95B7246B /* Frameworks */ = {
			isa = PBXGroup;
			children = (
				E43E8D752A64EB05C1B01A85 /* Pods_boldchat_test.framework */,
			);
			name = Frameworks;
			sourceTree = "<group>";
		};
/* End PBXGroup section */

/* Begin PBXNativeTarget section */
		605835DE255B61B30044211D /* boldchat_test */ = {
			isa = PBXNativeTarget;
			buildConfigurationList = 605835F3255B61B50044211D /* Build configuration list for PBXNativeTarget "boldchat_test" */;
			buildPhases = (
				1CB19782183EDC1F577E779F /* [CP] Check Pods Manifest.lock */,
				605835DB255B61B30044211D /* Sources */,
				605835DC255B61B30044211D /* Frameworks */,
				605835DD255B61B30044211D /* Resources */,
				215C1E731B7A0FF63C63E3BD /* [CP] Embed Pods Frameworks */,
			);
			buildRules = (
			);
			dependencies = (
			);
			name = boldchat_test;
			productName = boldchat_test;
			productReference = 605835DF255B61B30044211D /* boldchat_test.app */;
			productType = "com.apple.product-type.application";
		};
/* End PBXNativeTarget section */

/* Begin PBXProject section */
		605835D7255B61B30044211D /* Project object */ = {
			isa = PBXProject;
			attributes = {
				LastSwiftUpdateCheck = 1170;
				LastUpgradeCheck = 1170;
				ORGANIZATIONNAME = "Juan Antonio Lopez Carreño";
				TargetAttributes = {
					605835DE255B61B30044211D = {
						CreatedOnToolsVersion = 11.7;
					};
				};
			};
			buildConfigurationList = 605835DA255B61B30044211D /* Build configuration list for PBXProject "boldchat_test" */;
			compatibilityVersion = "Xcode 9.3";
			developmentRegion = en;
			hasScannedForEncodings = 0;
			knownRegions = (
				en,
				Base,
			);
			mainGroup = 605835D6255B61B30044211D;
			productRefGroup = 605835E0255B61B30044211D /* Products */;
			projectDirPath = "";
			projectRoot = "";
			targets = (
				605835DE255B61B30044211D /* boldchat_test */,
			);
		};
/* End PBXProject section */

/* Begin PBXResourcesBuildPhase section */
		605835DD255B61B30044211D /* Resources */ = {
			isa = PBXResourcesBuildPhase;
			buildActionMask = 2147483647;
			files = (
				605835EF255B61B50044211D /* LaunchScreen.storyboard in Resources */,
				605835EC255B61B50044211D /* Assets.xcassets in Resources */,
				605835EA255B61B30044211D /* Main.storyboard in Resources */,
			);
			runOnlyForDeploymentPostprocessing = 0;
		};
/* End PBXResourcesBuildPhase section */

/* Begin PBXShellScriptBuildPhase section */
		1CB19782183EDC1F577E779F /* [CP] Check Pods Manifest.lock */ = {
			isa = PBXShellScriptBuildPhase;
			buildActionMask = 2147483647;
			files = (
			);
			inputFileListPaths = (
			);
			inputPaths = (
				"${PODS_PODFILE_DIR_PATH}/Podfile.lock",
				"${PODS_ROOT}/Manifest.lock",
			);
			name = "[CP] Check Pods Manifest.lock";
			outputFileListPaths = (
			);
			outputPaths = (
				"$(DERIVED_FILE_DIR)/Pods-boldchat_test-checkManifestLockResult.txt",
			);
			runOnlyForDeploymentPostprocessing = 0;
			shellPath = /bin/sh;
			shellScript = "diff \"${PODS_PODFILE_DIR_PATH}/Podfile.lock\" \"${PODS_ROOT}/Manifest.lock\" > /dev/null\nif [ $? != 0 ] ; then\n    # print error to STDERR\n    echo \"error: The sandbox is not in sync with the Podfile.lock. Run 'pod install' or update your CocoaPods installation.\" >&2\n    exit 1\nfi\n# This output is used by Xcode 'outputs' to avoid re-running this script phase.\necho \"SUCCESS\" > \"${SCRIPT_OUTPUT_FILE_0}\"\n";
			showEnvVarsInLog = 0;
		};
		215C1E731B7A0FF63C63E3BD /* [CP] Embed Pods Frameworks */ = {
			isa = PBXShellScriptBuildPhase;
			buildActionMask = 2147483647;
			files = (
			);
			inputFileListPaths = (
				"${PODS_ROOT}/Target Support Files/Pods-boldchat_test/Pods-boldchat_test-frameworks-${CONFIGURATION}-input-files.xcfilelist",
			);
			name = "[CP] Embed Pods Frameworks";
			outputFileListPaths = (
				"${PODS_ROOT}/Target Support Files/Pods-boldchat_test/Pods-boldchat_test-frameworks-${CONFIGURATION}-output-files.xcfilelist",
			);
			runOnlyForDeploymentPostprocessing = 0;
			shellPath = /bin/sh;
			shellScript = "\"${PODS_ROOT}/Target Support Files/Pods-boldchat_test/Pods-boldchat_test-frameworks.sh\"\n";
			showEnvVarsInLog = 0;
		};
/* End PBXShellScriptBuildPhase section */

/* Begin PBXSourcesBuildPhase section */
		605835DB255B61B30044211D /* Sources */ = {
			isa = PBXSourcesBuildPhase;
			buildActionMask = 2147483647;
			files = (
				605835E7255B61B30044211D /* ViewController.swift in Sources */,
				605835E3255B61B30044211D /* AppDelegate.swift in Sources */,
				605835E5255B61B30044211D /* SceneDelegate.swift in Sources */,
			);
			runOnlyForDeploymentPostprocessing = 0;
		};
/* End PBXSourcesBuildPhase section */

/* Begin PBXVariantGroup section */
		605835E8255B61B30044211D /* Main.storyboard */ = {
			isa = PBXVariantGroup;
			children = (
				605835E9255B61B30044211D /* Base */,
			);
			name = Main.storyboard;
			sourceTree = "<group>";
		};
		605835ED255B61B50044211D /* LaunchScreen.storyboard */ = {
			isa = PBXVariantGroup;
			children = (
				605835EE255B61B50044211D /* Base */,
			);
			name = LaunchScreen.storyboard;
			sourceTree = "<group>";
		};
/* End PBXVariantGroup section */

/* Begin XCBuildConfiguration section */
		605835F1255B61B50044211D /* Debug */ = {
			isa = XCBuildConfiguration;
			buildSettings = {
				ALWAYS_SEARCH_USER_PATHS = NO;
				CLANG_ANALYZER_NONNULL = YES;
				CLANG_ANALYZER_NUMBER_OBJECT_CONVERSION = YES_AGGRESSIVE;
				CLANG_CXX_LANGUAGE_STANDARD = "gnu++14";
				CLANG_CXX_LIBRARY = "libc++";
				CLANG_ENABLE_MODULES = YES;
				CLANG_ENABLE_OBJC_ARC = YES;
				CLANG_ENABLE_OBJC_WEAK = YES;
				CLANG_WARN_BLOCK_CAPTURE_AUTORELEASING = YES;
				CLANG_WARN_BOOL_CONVERSION = YES;
				CLANG_WARN_COMMA = YES;
				CLANG_WARN_CONSTANT_CONVERSION = YES;
				CLANG_WARN_DEPRECATED_OBJC_IMPLEMENTATIONS = YES;
				CLANG_WARN_DIRECT_OBJC_ISA_USAGE = YES_ERROR;
				CLANG_WARN_DOCUMENTATION_COMMENTS = YES;
				CLANG_WARN_EMPTY_BODY = YES;
				CLANG_WARN_ENUM_CONVERSION = YES;
				CLANG_WARN_INFINITE_RECURSION = YES;
				CLANG_WARN_INT_CONVERSION = YES;
				CLANG_WARN_NON_LITERAL_NULL_CONVERSION = YES;
				CLANG_WARN_OBJC_IMPLICIT_RETAIN_SELF = YES;
				CLANG_WARN_OBJC_LITERAL_CONVERSION = YES;
				CLANG_WARN_OBJC_ROOT_CLASS = YES_ERROR;
				CLANG_WARN_RANGE_LOOP_ANALYSIS = YES;
				CLANG_WARN_STRICT_PROTOTYPES = YES;
				CLANG_WARN_SUSPICIOUS_MOVE = YES;
				CLANG_WARN_UNGUARDED_AVAILABILITY = YES_AGGRESSIVE;
				CLANG_WARN_UNREACHABLE_CODE = YES;
				CLANG_WARN__DUPLICATE_METHOD_MATCH = YES;
				COPY_PHASE_STRIP = NO;
				DEBUG_INFORMATION_FORMAT = dwarf;
				ENABLE_STRICT_OBJC_MSGSEND = YES;
				ENABLE_TESTABILITY = YES;
				GCC_C_LANGUAGE_STANDARD = gnu11;
				GCC_DYNAMIC_NO_PIC = NO;
				GCC_NO_COMMON_BLOCKS = YES;
				GCC_OPTIMIZATION_LEVEL = 0;
				GCC_PREPROCESSOR_DEFINITIONS = (
					"DEBUG=1",
					"$(inherited)",
				);
				GCC_WARN_64_TO_32_BIT_CONVERSION = YES;
				GCC_WARN_ABOUT_RETURN_TYPE = YES_ERROR;
				GCC_WARN_UNDECLARED_SELECTOR = YES;
				GCC_WARN_UNINITIALIZED_AUTOS = YES_AGGRESSIVE;
				GCC_WARN_UNUSED_FUNCTION = YES;
				GCC_WARN_UNUSED_VARIABLE = YES;
				IPHONEOS_DEPLOYMENT_TARGET = 13.7;
				MTL_ENABLE_DEBUG_INFO = INCLUDE_SOURCE;
				MTL_FAST_MATH = YES;
				ONLY_ACTIVE_ARCH = YES;
				SDKROOT = iphoneos;
				SWIFT_ACTIVE_COMPILATION_CONDITIONS = DEBUG;
				SWIFT_OPTIMIZATION_LEVEL = "-Onone";
			};
			name = Debug;
		};
		605835F2255B61B50044211D /* Release */ = {
			isa = XCBuildConfiguration;
			buildSettings = {
				ALWAYS_SEARCH_USER_PATHS = NO;
				CLANG_ANALYZER_NONNULL = YES;
				CLANG_ANALYZER_NUMBER_OBJECT_CONVERSION = YES_AGGRESSIVE;
				CLANG_CXX_LANGUAGE_STANDARD = "gnu++14";
				CLANG_CXX_LIBRARY = "libc++";
				CLANG_ENABLE_MODULES = YES;
				CLANG_ENABLE_OBJC_ARC = YES;
				CLANG_ENABLE_OBJC_WEAK = YES;
				CLANG_WARN_BLOCK_CAPTURE_AUTORELEASING = YES;
				CLANG_WARN_BOOL_CONVERSION = YES;
				CLANG_WARN_COMMA = YES;
				CLANG_WARN_CONSTANT_CONVERSION = YES;
				CLANG_WARN_DEPRECATED_OBJC_IMPLEMENTATIONS = YES;
				CLANG_WARN_DIRECT_OBJC_ISA_USAGE = YES_ERROR;
				CLANG_WARN_DOCUMENTATION_COMMENTS = YES;
				CLANG_WARN_EMPTY_BODY = YES;
				CLANG_WARN_ENUM_CONVERSION = YES;
				CLANG_WARN_INFINITE_RECURSION = YES;
				CLANG_WARN_INT_CONVERSION = YES;
				CLANG_WARN_NON_LITERAL_NULL_CONVERSION = YES;
				CLANG_WARN_OBJC_IMPLICIT_RETAIN_SELF = YES;
				CLANG_WARN_OBJC_LITERAL_CONVERSION = YES;
				CLANG_WARN_OBJC_ROOT_CLASS = YES_ERROR;
				CLANG_WARN_RANGE_LOOP_ANALYSIS = YES;
				CLANG_WARN_STRICT_PROTOTYPES = YES;
				CLANG_WARN_SUSPICIOUS_MOVE = YES;
				CLANG_WARN_UNGUARDED_AVAILABILITY = YES_AGGRESSIVE;
				CLANG_WARN_UNREACHABLE_CODE = YES;
				CLANG_WARN__DUPLICATE_METHOD_MATCH = YES;
				COPY_PHASE_STRIP = NO;
				DEBUG_INFORMATION_FORMAT = "dwarf-with-dsym";
				ENABLE_NS_ASSERTIONS = NO;
				ENABLE_STRICT_OBJC_MSGSEND = YES;
				GCC_C_LANGUAGE_STANDARD = gnu11;
				GCC_NO_COMMON_BLOCKS = YES;
				GCC_WARN_64_TO_32_BIT_CONVERSION = YES;
				GCC_WARN_ABOUT_RETURN_TYPE = YES_ERROR;
				GCC_WARN_UNDECLARED_SELECTOR = YES;
				GCC_WARN_UNINITIALIZED_AUTOS = YES_AGGRESSIVE;
				GCC_WARN_UNUSED_FUNCTION = YES;
				GCC_WARN_UNUSED_VARIABLE = YES;
				IPHONEOS_DEPLOYMENT_TARGET = 13.7;
				MTL_ENABLE_DEBUG_INFO = NO;
				MTL_FAST_MATH = YES;
				SDKROOT = iphoneos;
				SWIFT_COMPILATION_MODE = wholemodule;
				SWIFT_OPTIMIZATION_LEVEL = "-O";
				VALIDATE_PRODUCT = YES;
			};
			name = Release;
		};
		605835F4255B61B50044211D /* Debug */ = {
			isa = XCBuildConfiguration;
			baseConfigurationReference = A095A73A1E2C06E6AD367090 /* Pods-boldchat_test.debug.xcconfig */;
			buildSettings = {
				ASSETCATALOG_COMPILER_APPICON_NAME = AppIcon;
				CODE_SIGN_STYLE = Automatic;
				DEVELOPMENT_TEAM = JAD7WM54L7;
				INFOPLIST_FILE = boldchat_test/Info.plist;
				LD_RUNPATH_SEARCH_PATHS = (
					"$(inherited)",
					"@executable_path/Frameworks",
				);
				PRODUCT_BUNDLE_IDENTIFIER = "com.groupon.boldchat-test";
				PRODUCT_NAME = "$(TARGET_NAME)";
				SWIFT_VERSION = 5.0;
				TARGETED_DEVICE_FAMILY = "1,2";
			};
			name = Debug;
		};
		605835F5255B61B50044211D /* Release */ = {
			isa = XCBuildConfiguration;
			baseConfigurationReference = 8FA6BDD84121BE2265CC06C5 /* Pods-boldchat_test.release.xcconfig */;
			buildSettings = {
				ASSETCATALOG_COMPILER_APPICON_NAME = AppIcon;
				CODE_SIGN_STYLE = Automatic;
				DEVELOPMENT_TEAM = JAD7WM54L7;
				INFOPLIST_FILE = boldchat_test/Info.plist;
				LD_RUNPATH_SEARCH_PATHS = (
					"$(inherited)",
					"@executable_path/Frameworks",
				);
				PRODUCT_BUNDLE_IDENTIFIER = "com.groupon.boldchat-test";
				PRODUCT_NAME = "$(TARGET_NAME)";
				SWIFT_VERSION = 5.0;
				TARGETED_DEVICE_FAMILY = "1,2";
			};
			name = Release;
		};
/* End XCBuildConfiguration section */

/* Begin XCConfigurationList section */
		605835DA255B61B30044211D /* Build configuration list for PBXProject "boldchat_test" */ = {
			isa = XCConfigurationList;
			buildConfigurations = (
				605835F1255B61B50044211D /* Debug */,
				605835F2255B61B50044211D /* Release */,
			);
			defaultConfigurationIsVisible = 0;
			defaultConfigurationName = Release;
		};
		605835F3255B61B50044211D /* Build configuration list for PBXNativeTarget "boldchat_test" */ = {
			isa = XCConfigurationList;
			buildConfigurations = (
				605835F4255B61B50044211D /* Debug */,
				605835F5255B61B50044211D /* Release */,
			);
			defaultConfigurationIsVisible = 0;
			defaultConfigurationName = Release;
		};
/* End XCConfigurationList section */
	};
	rootObject = 605835D7255B61B30044211D /* Project object */;
}
